
Microsoft Visual Studio Solution File, Format Version 12.00
# Visual Studio Version 16
VisualStudioVersion = 16.0.30225.117
MinimumVisualStudioVersion = 10.0.40219.1
Project("{FAE04EC0-301F-11D3-BF4B-00C04F79EFBC}") = "计算器", "计算器\计算器.csproj", "{94847D42-4632-4AEB-842C-55063F644BF3}"
EndProject
Global
	GlobalSection(SolutionConfigurationPlatforms) = preSolution
		Debug|Any CPU = Debug|Any CPU
		Release|Any CPU = Release|Any CPU
	EndGlobalSection
	GlobalSection(ProjectConfigurationPlatforms) = postSolution
		{94847D42-4632-4AEB-842C-55063F644BF3}.Debug|Any CPU.ActiveCfg = Debug|Any CPU
		{94847D42-4632-4AEB-842C-55063F644BF3}.Debug|Any CPU.Build.0 = Debug|Any CPU
		{94847D42-4632-4AEB-842C-55063F644BF3}.Release|Any CPU.ActiveCfg = Release|Any CPU
		{94847D42-4632-4AEB-842C-55063F644BF3}.Release|Any CPU.Build.0 = Release|Any CPU
	EndGlobalSection
	GlobalSection(SolutionProperties) = preSolution
		HideSolutionNode = FALSE
	EndGlobalSection
	GlobalSection(ExtensibilityGlobals) = postSolution
		SolutionGuid = {EAD1EC94-34E2-4792-8655-7657166C3DD6}
	EndGlobalSection
EndGlobal
